{
  "requires": true,
  "lockfileVersion": 1,
  "dependencies": {
    "axios": {
      "version": "0.21.0",
      "resolved": "https://registry.npmjs.org/axios/-/axios-0.21.0.tgz",
      "integrity": "sha512-fmkJBknJKoZwem3/IKSSLpkdNXZeBu5Q7GA/aRsr2btgrptmSCxi2oFjZHqGdK9DoTil9PIHlPIZw2EcRJXRvw==",
      "requires": {
        "follow-redirects": "^1.10.0"
      }
    },
    "disable-scroll": {
      "version": "0.5.1",
      "resolved": "https://registry.npmjs.org/disable-scroll/-/disable-scroll-0.5.1.tgz",
      "integrity": "sha512-3lngZdv1vCg0qioEZS0B+g9mYFofyGpkVvCs6P8sfDm5QomYqAXHuvPANF4iPMAQStaBO5WvY77oRSSB8xfKuA==",
      "requires": {
        "scrollingelement": "^1.5.2"
      }
    },
    "follow-redirects": {
      "version": "1.13.0",
      "resolved": "https://registry.npmjs.org/follow-redirects/-/follow-redirects-1.13.0.tgz",
      "integrity": "sha512-aq6gF1BEKje4a9i9+5jimNFIpq4Q1WiwBToeRK5NvZBd/TRsmW8BsJfOEGkr76TbOyPVD3OVDN910EcUNtRYEA=="
    },
    "react-awesome-modal": {
      "version": "2.0.5",
      "resolved": "https://registry.npmjs.org/react-awesome-modal/-/react-awesome-modal-2.0.5.tgz",
      "integrity": "sha512-H+0xKBhcGJCoDtMww5K+XUzQtK+oRNpXr1VZoN1tbBgu+fzrLrF+ZkdRC1XiPLJ5gpVd9uR90yg8nyPTtYj/OQ=="
    },
    "react-hooks-use-modal": {
      "version": "1.0.9",
      "resolved": "https://registry.npmjs.org/react-hooks-use-modal/-/react-hooks-use-modal-1.0.9.tgz",
      "integrity": "sha512-xwbiTgLix37fsO+Jwy8jcwfmPdzNaaWTvHIcSzqauyaONXMkZVy+7tyUcTW+OsieXWhl8Jsq853pvRaqBc5IPw==",
      "requires": {
        "disable-scroll": "^0.5.1"
      }
    },
    "scrollingelement": {
      "version": "1.5.2",
      "resolved": "https://registry.npmjs.org/scrollingelement/-/scrollingelement-1.5.2.tgz",
      "integrity": "sha1-tjtxEU2GTjZxyh6FTqH5OvYfEH4="
    }
  }
}
