# THIS IS AN AUTOGENERATED FILE. DO NOT EDIT THIS FILE DIRECTLY.
# yarn lockfile v1


"@babel/runtime@^7.10.4", "@babel/runtime@^7.10.5":
  version "7.12.5"
  resolved "https://registry.yarnpkg.com/@babel/runtime/-/runtime-7.12.5.tgz#410e7e487441e1b360c29be715d870d9b985882e"
  integrity sha512-plcc+hbExy3McchJCEQG3knOsuh3HH+Prx1P6cLIkET/0dLuQDEnrT+s27Axgc9bqfsmNUNHfscgMUdBpC9xfg==
  dependencies:
    regenerator-runtime "^0.13.4"

"@fluentui/react-component-event-listener@~0.51.1":
  version "0.51.3"
  resolved "https://registry.yarnpkg.com/@fluentui/react-component-event-listener/-/react-component-event-listener-0.51.3.tgz#c1e64244eefb1802930eb6e74cc046775d257315"
  integrity sha512-ngRG5XUgX5tsN79Rkwaxaon8U79bUO8GRKnN1bc3WQl6cYVrL6XFdgc09/a/ISK53/sS6oa2wZ/csNTwvkDO4Q==
  dependencies:
    "@babel/runtime" "^7.10.4"

"@fluentui/react-component-ref@~0.51.1":
  version "0.51.3"
  resolved "https://registry.yarnpkg.com/@fluentui/react-component-ref/-/react-component-ref-0.51.3.tgz#d8a2d87e5830d8da048072d7c615a94364bb5dca"
  integrity sha512-6+DhceCb+4ua3WVoOW99aniEaFlfrlBs9kuCs6BJEcAeqYMoa2VFzxkPWXH/35a73LKIeLsHwoLXyOsILuYRRw==
  dependencies:
    "@babel/runtime" "^7.10.4"
    react-is "^16.6.3"

"@popperjs/core@^2.5.2":
  version "2.5.4"
  resolved "https://registry.yarnpkg.com/@popperjs/core/-/core-2.5.4.tgz#de25b5da9f727985a3757fd59b5d028aba75841a"
  integrity sha512-ZpKr+WTb8zsajqgDkvCEWgp6d5eJT6Q63Ng2neTbzBO76Lbe91vX/iVIW9dikq+Fs3yEo+ls4cxeXABD2LtcbQ==

"@semantic-ui-react/event-stack@^3.1.0":
  version "3.1.1"
  resolved "https://registry.yarnpkg.com/@semantic-ui-react/event-stack/-/event-stack-3.1.1.tgz#3263d17511db81a743167fe45281a24b3eb6b3c8"
  integrity sha512-SA7VOu/tY3OkooR++mm9voeQrJpYXjJaMHO1aFCcSouS2xhqMR9Gnz0LEGLOR0h9ueWPBKaQzKIrx3FTTJZmUQ==
  dependencies:
    exenv "^1.2.2"
    prop-types "^15.6.2"

axios@^0.21.0:
  version "0.21.0"
  resolved "https://registry.yarnpkg.com/axios/-/axios-0.21.0.tgz#26df088803a2350dff2c27f96fef99fe49442aca"
  integrity sha512-fmkJBknJKoZwem3/IKSSLpkdNXZeBu5Q7GA/aRsr2btgrptmSCxi2oFjZHqGdK9DoTil9PIHlPIZw2EcRJXRvw==
  dependencies:
    follow-redirects "^1.10.0"

clsx@^1.1.1:
  version "1.1.1"
  resolved "https://registry.yarnpkg.com/clsx/-/clsx-1.1.1.tgz#98b3134f9abbdf23b2663491ace13c5c03a73188"
  integrity sha512-6/bPho624p3S2pMyvP5kKBPXnI3ufHLObBFCfgx+LkeR5lg2XYy2hqZqUf45ypD8COn2bhgGJSUE+l5dhNBieA==

disable-scroll@^0.5.1:
  version "0.5.1"
  resolved "https://registry.yarnpkg.com/disable-scroll/-/disable-scroll-0.5.1.tgz#f58ce9f64cc7375fecf19bc7c7434fa5634c4966"
  integrity sha512-3lngZdv1vCg0qioEZS0B+g9mYFofyGpkVvCs6P8sfDm5QomYqAXHuvPANF4iPMAQStaBO5WvY77oRSSB8xfKuA==
  dependencies:
    scrollingelement "^1.5.2"

exenv@^1.2.2:
  version "1.2.2"
  resolved "https://registry.yarnpkg.com/exenv/-/exenv-1.2.2.tgz#2ae78e85d9894158670b03d47bec1f03bd91bb9d"
  integrity sha1-KueOhdmJQVhnCwPUe+wfA72Ru50=

follow-redirects@^1.10.0:
  version "1.13.0"
  resolved "https://registry.yarnpkg.com/follow-redirects/-/follow-redirects-1.13.0.tgz#b42e8d93a2a7eea5ed88633676d6597bc8e384db"
  integrity sha512-aq6gF1BEKje4a9i9+5jimNFIpq4Q1WiwBToeRK5NvZBd/TRsmW8BsJfOEGkr76TbOyPVD3OVDN910EcUNtRYEA==

"js-tokens@^3.0.0 || ^4.0.0":
  version "4.0.0"
  resolved "https://registry.yarnpkg.com/js-tokens/-/js-tokens-4.0.0.tgz#19203fb59991df98e3a287050d4647cdeaf32499"
  integrity sha512-RdJUflcE3cUzKiMqQgsCu06FPu9UdIJO0beYbPhHN4k6apgJtifcoCtT9bcxOpYBtpD2kCM6Sbzg4CausW/PKQ==

keyboard-key@^1.1.0:
  version "1.1.0"
  resolved "https://registry.yarnpkg.com/keyboard-key/-/keyboard-key-1.1.0.tgz#6f2e8e37fa11475bb1f1d65d5174f1b35653f5b7"
  integrity sha512-qkBzPTi3rlAKvX7k0/ub44sqOfXeLc/jcnGGmj5c7BJpU8eDrEVPyhCvNYAaoubbsLm9uGWwQJO1ytQK1a9/dQ==

lodash-es@^4.17.15:
  version "4.17.15"
  resolved "https://registry.yarnpkg.com/lodash-es/-/lodash-es-4.17.15.tgz#21bd96839354412f23d7a10340e5eac6ee455d78"
  integrity sha512-rlrc3yU3+JNOpZ9zj5pQtxnx2THmvRykwL4Xlxoa8I9lHBlVbbyPhgyPMioxVZ4NqyxaVVtaJnzsyOidQIhyyQ==

lodash.throttle@^4.1.1:
  version "4.1.1"
  resolved "https://registry.yarnpkg.com/lodash.throttle/-/lodash.throttle-4.1.1.tgz#c23e91b710242ac70c37f1e1cda9274cc39bf2f4"
  integrity sha1-wj6RtxAkKscMN/HhzaknTMOb8vQ=

lodash@^4.17.19:
  version "4.17.20"
  resolved "https://registry.yarnpkg.com/lodash/-/lodash-4.17.20.tgz#b44a9b6297bcb698f1c51a3545a2b3b368d59c52"
  integrity sha512-PlhdFcillOINfeV7Ni6oF1TAEayyZBoZ8bcshTHqOYJYlrqzRK5hagpagky5o4HfCzzd1TRkXPMFq6cKk9rGmA==

loose-envify@^1.0.0, loose-envify@^1.4.0:
  version "1.4.0"
  resolved "https://registry.yarnpkg.com/loose-envify/-/loose-envify-1.4.0.tgz#71ee51fa7be4caec1a63839f7e682d8132d30caf"
  integrity sha512-lyuxPGr/Wfhrlem2CL/UcnUc1zcqKAImBDzukY7Y5F/yQiNdko6+fRLevlw1HgMySw7f611UIY408EtxRSoK3Q==
  dependencies:
    js-tokens "^3.0.0 || ^4.0.0"

object-assign@^4.1.1:
  version "4.1.1"
  resolved "https://registry.yarnpkg.com/object-assign/-/object-assign-4.1.1.tgz#2109adc7965887cfc05cbbd442cac8bfbb360863"
  integrity sha1-IQmtx5ZYh8/AXLvUQsrIv7s2CGM=

prop-types@^15.6.2, prop-types@^15.7.2:
  version "15.7.2"
  resolved "https://registry.yarnpkg.com/prop-types/-/prop-types-15.7.2.tgz#52c41e75b8c87e72b9d9360e0206b99dcbffa6c5"
  integrity sha512-8QQikdH7//R2vurIJSutZ1smHYTcLpRWEOlHnzcWHmBYrOGUysKwSsrC89BCiFj3CbrfJ/nXFdJepOVrY1GCHQ==
  dependencies:
    loose-envify "^1.4.0"
    object-assign "^4.1.1"
    react-is "^16.8.1"

react-awesome-modal@^2.0.5:
  version "2.0.5"
  resolved "https://registry.yarnpkg.com/react-awesome-modal/-/react-awesome-modal-2.0.5.tgz#d19702f7e3bc1f43e734f5a60814c2d1593c693a"
  integrity sha512-H+0xKBhcGJCoDtMww5K+XUzQtK+oRNpXr1VZoN1tbBgu+fzrLrF+ZkdRC1XiPLJ5gpVd9uR90yg8nyPTtYj/OQ==

react-fast-compare@^3.0.1:
  version "3.2.0"
  resolved "https://registry.yarnpkg.com/react-fast-compare/-/react-fast-compare-3.2.0.tgz#641a9da81b6a6320f270e89724fb45a0b39e43bb"
  integrity sha512-rtGImPZ0YyLrscKI9xTpV8psd6I8VAtjKCzQDlzyDvqJA8XOW78TXYQwNRNd8g8JZnDu8q9Fu/1v4HPAVwVdHA==

react-hooks-use-modal@^1.0.9:
  version "1.0.9"
  resolved "https://registry.yarnpkg.com/react-hooks-use-modal/-/react-hooks-use-modal-1.0.9.tgz#95b5ff7e9c4ccb2f8fac8d858b7d83514b730062"
  integrity sha512-xwbiTgLix37fsO+Jwy8jcwfmPdzNaaWTvHIcSzqauyaONXMkZVy+7tyUcTW+OsieXWhl8Jsq853pvRaqBc5IPw==
  dependencies:
    disable-scroll "^0.5.1"

react-is@^16.6.3, react-is@^16.8.1, react-is@^16.8.6:
  version "16.13.1"
  resolved "https://registry.yarnpkg.com/react-is/-/react-is-16.13.1.tgz#789729a4dc36de2999dc156dd6c1d9c18cea56a4"
  integrity sha512-24e6ynE2H+OKt4kqsOvNd8kBpV65zoxbA4BVsEOB3ARVWQki/DHzaUoC5KuON/BiccDaCCTZBuOcfZs70kR8bQ==

react-popper@^2.2.3:
  version "2.2.4"
  resolved "https://registry.yarnpkg.com/react-popper/-/react-popper-2.2.4.tgz#d2ad3d2474ac9f1abf93df3099d408e5aa6a2e22"
  integrity sha512-NacOu4zWupdQjVXq02XpTD3yFPSfg5a7fex0wa3uGKVkFK7UN6LvVxgcb+xYr56UCuWiNPMH20tntdVdJRwYew==
  dependencies:
    react-fast-compare "^3.0.1"
    warning "^4.0.2"

react-scroll@^1.8.1:
  version "1.8.1"
  resolved "https://registry.yarnpkg.com/react-scroll/-/react-scroll-1.8.1.tgz#eb4052265f1606cf60855c981ebcfed1bc3beff3"
  integrity sha512-UAKmawFHn+c7x/DoXuHqOsQ5xwNk2Dxv7vP8Ft41K2hglPWkshcSos0tMTr8704UkFqImoUGzMTdN4vuZXoqbw==
  dependencies:
    lodash.throttle "^4.1.1"
    prop-types "^15.7.2"

regenerator-runtime@^0.13.4:
  version "0.13.7"
  resolved "https://registry.yarnpkg.com/regenerator-runtime/-/regenerator-runtime-0.13.7.tgz#cac2dacc8a1ea675feaabaeb8ae833898ae46f55"
  integrity sha512-a54FxoJDIr27pgf7IgeQGxmqUNYrcV338lf/6gH456HZ/PhX+5BcwHXG9ajESmwe6WRO0tAzRUrRmNONWgkrew==

scrollingelement@^1.5.2:
  version "1.5.2"
  resolved "https://registry.yarnpkg.com/scrollingelement/-/scrollingelement-1.5.2.tgz#b63b71114d864e3671ca1e854ea1f93af61f107e"
  integrity sha1-tjtxEU2GTjZxyh6FTqH5OvYfEH4=

semantic-ui-react@^2.0.1:
  version "2.0.1"
  resolved "https://registry.yarnpkg.com/semantic-ui-react/-/semantic-ui-react-2.0.1.tgz#a69aa65001c437ae0b3ed747d1f43ee5b4e88407"
  integrity sha512-l1g9ZTRHqe+nSgcTuaTTxnnIdPAgyzoAZY35ciL0pjopeC7mWxNVhBqm98tmR0kgoL7NvWjY+Dy/AUc3l6FVKw==
  dependencies:
    "@babel/runtime" "^7.10.5"
    "@fluentui/react-component-event-listener" "~0.51.1"
    "@fluentui/react-component-ref" "~0.51.1"
    "@popperjs/core" "^2.5.2"
    "@semantic-ui-react/event-stack" "^3.1.0"
    clsx "^1.1.1"
    keyboard-key "^1.1.0"
    lodash "^4.17.19"
    lodash-es "^4.17.15"
    prop-types "^15.7.2"
    react-is "^16.8.6"
    react-popper "^2.2.3"
    shallowequal "^1.1.0"

shallowequal@^1.1.0:
  version "1.1.0"
  resolved "https://registry.yarnpkg.com/shallowequal/-/shallowequal-1.1.0.tgz#188d521de95b9087404fd4dcb68b13df0ae4e7f8"
  integrity sha512-y0m1JoUZSlPAjXVtPPW70aZWfIL/dSP7AFkRnniLCrK/8MDKog3TySTBmckD+RObVxH0v4Tox67+F14PdED2oQ==

warning@^4.0.2:
  version "4.0.3"
  resolved "https://registry.yarnpkg.com/warning/-/warning-4.0.3.tgz#16e9e077eb8a86d6af7d64aa1e05fd85b4678ca3"
  integrity sha512-rpJyN222KWIvHJ/F53XSZv0Zl/accqHR8et1kpaMTD/fLCRxtV8iX8czMzY7sVZupTI3zcUTg8eycS2kNF9l6w==
  dependencies:
    loose-envify "^1.0.0"
